// !$*UTF8*$!
{
	archiveVersion = 1;
	classes = {
	};
	objectVersion = 46;
	objects = {

/* Begin PBXBuildFile section */
		7E914B5119D39A6C001B011B /* AppDelegate.swift in Sources */ = {isa = PBXBuildFile; fileRef = 7E914B5019D39A6C001B011B /* AppDelegate.swift */; };
		7E914B5319D39A6C001B011B /* ViewController.swift in Sources */ = {isa = PBXBuildFile; fileRef = 7E914B5219D39A6C001B011B /* ViewController.swift */; };
		7E914B5619D39A6C001B011B /* Main.storyboard in Resources */ = {isa = PBXBuildFile; fileRef = 7E914B5419D39A6C001B011B /* Main.storyboard */; };
		7E914B5819D39A6C001B011B /* Images.xcassets in Resources */ = {isa = PBXBuildFile; fileRef = 7E914B5719D39A6C001B011B /* Images.xcassets */; };
		7E914B5B19D39A6C001B011B /* LaunchScreen.xib in Resources */ = {isa = PBXBuildFile; fileRef = 7E914B5919D39A6C001B011B /* LaunchScreen.xib */; };
		7E914B6719D39A6C001B011B /* SlotMachineTests.swift in Sources */ = {isa = PBXBuildFile; fileRef = 7E914B6619D39A6C001B011B /* SlotMachineTests.swift */; };
/* End PBXBuildFile section */

/* Begin PBXContainerItemProxy section */
		7E914B6119D39A6C001B011B /* PBXContainerItemProxy */ = {
			isa = PBXContainerItemProxy;
			containerPortal = 7E914B4319D39A6C001B011B /* Project object */;
			proxyType = 1;
			remoteGlobalIDString = 7E914B4A19D39A6C001B011B;
			remoteInfo = SlotMachine;
		};
/* End PBXContainerItemProxy section */

/* Begin PBXFileReference section */
		7E914B4B19D39A6C001B011B /* SlotMachine.app */ = {isa = PBXFileReference; explicitFileType = wrapper.application; includeInIndex = 0; path = SlotMachine.app; sourceTree = BUILT_PRODUCTS_DIR; };
		7E914B4F19D39A6C001B011B /* Info.plist */ = {isa = PBXFileReference; lastKnownFileType = text.plist.xml; path = Info.plist; sourceTree = "<group>"; };
		7E914B5019D39A6C001B011B /* AppDelegate.swift */ = {isa = PBXFileReference; lastKnownFileType = sourcecode.swift; path = AppDelegate.swift; sourceTree = "<group>"; };
		7E914B5219D39A6C001B011B /* ViewController.swift */ = {isa = PBXFileReference; lastKnownFileType = sourcecode.swift; path = ViewController.swift; sourceTree = "<group>"; };
		7E914B5519D39A6C001B011B /* Base */ = {isa = PBXFileReference; lastKnownFileType = file.storyboard; name = Base; path = Base.lproj/Main.storyboard; sourceTree = "<group>"; };
		7E914B5719D39A6C001B011B /* Images.xcassets */ = {isa = PBXFileReference; lastKnownFileType = folder.assetcatalog; path = Images.xcassets; sourceTree = "<group>"; };
		7E914B5A19D39A6C001B011B /* Base */ = {isa = PBXFileReference; lastKnownFileType = file.xib; name = Base; path = Base.lproj/LaunchScreen.xib; sourceTree = "<group>"; };
		7E914B6019D39A6C001B011B /* SlotMachineTests.xctest */ = {isa = PBXFileReference; explicitFileType = wrapper.cfbundle; includeInIndex = 0; path = SlotMachineTests.xctest; sourceTree = BUILT_PRODUCTS_DIR; };
		7E914B6519D39A6C001B011B /* Info.plist */ = {isa = PBXFileReference; lastKnownFileType = text.plist.xml; path = Info.plist; sourceTree = "<group>"; };
		7E914B6619D39A6C001B011B /* SlotMachineTests.swift */ = {isa = PBXFileReference; lastKnownFileType = sourcecode.swift; path = SlotMachineTests.swift; sourceTree = "<group>"; };
/* End PBXFileReference section */

/* Begin PBXFrameworksBuildPhase section */
		7E914B4819D39A6C001B011B /* Frameworks */ = {
			isa = PBXFrameworksBuildPhase;
			buildActionMask = 2147483647;
			files = (
			);
			runOnlyForDeploymentPostprocessing = 0;
		};
		7E914B5D19D39A6C001B011B /* Frameworks */ = {
			isa = PBXFrameworksBuildPhase;
			buildActionMask = 2147483647;
			files = (
			);
			runOnlyForDeploymentPostprocessing = 0;
		};
/* End PBXFrameworksBuildPhase section */

/* Begin PBXGroup section */
		7E914B4219D39A6C001B011B = {
			isa = PBXGroup;
			children = (
				7E914B4D19D39A6C001B011B /* SlotMachine */,
				7E914B6319D39A6C001B011B /* SlotMachineTests */,
				7E914B4C19D39A6C001B011B /* Products */,
			);
			sourceTree = "<group>";
		};
		7E914B4C19D39A6C001B011B /* Products */ = {
			isa = PBXGroup;
			children = (
				7E914B4B19D39A6C001B011B /* SlotMachine.app */,
				7E914B6019D39A6C001B011B /* SlotMachineTests.xctest */,
			);
			name = Products;
			sourceTree = "<group>";
		};
		7E914B4D19D39A6C001B011B /* SlotMachine */ = {
			isa = PBXGroup;
			children = (
				7E914B5019D39A6C001B011B /* AppDelegate.swift */,
				7E914B5219D39A6C001B011B /* ViewController.swift */,
				7E914B5419D39A6C001B011B /* Main.storyboard */,
				7E914B5719D39A6C001B011B /* Images.xcassets */,
				7E914B5919D39A6C001B011B /* LaunchScreen.xib */,
				7E914B4E19D39A6C001B011B /* Supporting Files */,
			);
			path = SlotMachine;
			sourceTree = "<group>";
		};
		7E914B4E19D39A6C001B011B /* Supporting Files */ = {
			isa = PBXGroup;
			children = (
				7E914B4F19D39A6C001B011B /* Info.plist */,
			);
			name = "Supporting Files";
			sourceTree = "<group>";
		};
		7E914B6319D39A6C001B011B /* SlotMachineTests */ = {
			isa = PBXGroup;
			children = (
				7E914B6619D39A6C001B011B /* SlotMachineTests.swift */,
				7E914B6419D39A6C001B011B /* Supporting Files */,
			);
			path = SlotMachineTests;
			sourceTree = "<group>";
		};
		7E914B6419D39A6C001B011B /* Supporting Files */ = {
			isa = PBXGroup;
			children = (
				7E914B6519D39A6C001B011B /* Info.plist */,
			);
			name = "Supporting Files";
			sourceTree = "<group>";
		};
/* End PBXGroup section */

/* Begin PBXNativeTarget section */
		7E914B4A19D39A6C001B011B /* SlotMachine */ = {
			isa = PBXNativeTarget;
			buildConfigurationList = 7E914B6A19D39A6C001B011B /* Build configuration list for PBXNativeTarget "SlotMachine" */;
			buildPhases = (
				7E914B4719D39A6C001B011B /* Sources */,
				7E914B4819D39A6C001B011B /* Frameworks */,
				7E914B4919D39A6C001B011B /* Resources */,
			);
			buildRules = (
			);
			dependencies = (
			);
			name = SlotMachine;
			productName = SlotMachine;
			productReference = 7E914B4B19D39A6C001B011B /* SlotMachine.app */;
			productType = "com.apple.product-type.application";
		};
		7E914B5F19D39A6C001B011B /* SlotMachineTests */ = {
			isa = PBXNativeTarget;
			buildConfigurationList = 7E914B6D19D39A6C001B011B /* Build configuration list for PBXNativeTarget "SlotMachineTests" */;
			buildPhases = (
				7E914B5C19D39A6C001B011B /* Sources */,
				7E914B5D19D39A6C001B011B /* Frameworks */,
				7E914B5E19D39A6C001B011B /* Resources */,
			);
			buildRules = (
			);
			dependencies = (
				7E914B6219D39A6C001B011B /* PBXTargetDependency */,
			);
			name = SlotMachineTests;
			productName = SlotMachineTests;
			productReference = 7E914B6019D39A6C001B011B /* SlotMachineTests.xctest */;
			productType = "com.apple.product-type.bundle.unit-test";
		};
/* End PBXNativeTarget section */

/* Begin PBXProject section */
		7E914B4319D39A6C001B011B /* Project object */ = {
			isa = PBXProject;
			attributes = {
				LastUpgradeCheck = 0610;
				ORGANIZATIONNAME = "Cameron Smith";
				TargetAttributes = {
					7E914B4A19D39A6C001B011B = {
						CreatedOnToolsVersion = 6.1;
					};
					7E914B5F19D39A6C001B011B = {
						CreatedOnToolsVersion = 6.1;
						TestTargetID = 7E914B4A19D39A6C001B011B;
					};
				};
			};
			buildConfigurationList = 7E914B4619D39A6C001B011B /* Build configuration list for PBXProject "SlotMachine" */;
			compatibilityVersion = "Xcode 3.2";
			developmentRegion = English;
			hasScannedForEncodings = 0;
			knownRegions = (
				en,
				Base,
			);
			mainGroup = 7E914B4219D39A6C001B011B;
			productRefGroup = 7E914B4C19D39A6C001B011B /* Products */;
			projectDirPath = "";
			projectRoot = "";
			targets = (
				7E914B4A19D39A6C001B011B /* SlotMachine */,
				7E914B5F19D39A6C001B011B /* SlotMachineTests */,
			);
		};
/* End PBXProject section */

/* Begin PBXResourcesBuildPhase section */
		7E914B4919D39A6C001B011B /* Resources */ = {
			isa = PBXResourcesBuildPhase;
			buildActionMask = 2147483647;
			files = (
				7E914B5619D39A6C001B011B /* Main.storyboard in Resources */,
				7E914B5B19D39A6C001B011B /* LaunchScreen.xib in Resources */,
				7E914B5819D39A6C001B011B /* Images.xcassets in Resources */,
			);
			runOnlyForDeploymentPostprocessing = 0;
		};
		7E914B5E19D39A6C001B011B /* Resources */ = {
			isa = PBXResourcesBuildPhase;
			buildActionMask = 2147483647;
			files = (
			);
			runOnlyForDeploymentPostprocessing = 0;
		};
/* End PBXResourcesBuildPhase section */

/* Begin PBXSourcesBuildPhase section */
		7E914B4719D39A6C001B011B /* Sources */ = {
			isa = PBXSourcesBuildPhase;
			buildActionMask = 2147483647;
			files = (
				7E914B5319D39A6C001B011B /* ViewController.swift in Sources */,
				7E914B5119D39A6C001B011B /* AppDelegate.swift in Sources */,
			);
			runOnlyForDeploymentPostprocessing = 0;
		};
		7E914B5C19D39A6C001B011B /* Sources */ = {
			isa = PBXSourcesBuildPhase;
			buildActionMask = 2147483647;
			files = (
				7E914B6719D39A6C001B011B /* SlotMachineTests.swift in Sources */,
			);
			runOnlyForDeploymentPostprocessing = 0;
		};
/* End PBXSourcesBuildPhase section */

/* Begin PBXTargetDependency section */
		7E914B6219D39A6C001B011B /* PBXTargetDependency */ = {
			isa = PBXTargetDependency;
			target = 7E914B4A19D39A6C001B011B /* SlotMachine */;
			targetProxy = 7E914B6119D39A6C001B011B /* PBXContainerItemProxy */;
		};
/* End PBXTargetDependency section */

/* Begin PBXVariantGroup section */
		7E914B5419D39A6C001B011B /* Main.storyboard */ = {
			isa = PBXVariantGroup;
			children = (
				7E914B5519D39A6C001B011B /* Base */,
			);
			name = Main.storyboard;
			sourceTree = "<group>";
		};
		7E914B5919D39A6C001B011B /* LaunchScreen.xib */ = {
			isa = PBXVariantGroup;
			children = (
				7E914B5A19D39A6C001B011B /* Base */,
			);
			name = LaunchScreen.xib;
			sourceTree = "<group>";
		};
/* End PBXVariantGroup section */

/* Begin XCBuildConfiguration section */
		7E914B6819D39A6C001B011B /* Debug */ = {
			isa = XCBuildConfiguration;
			buildSettings = {
				ALWAYS_SEARCH_USER_PATHS = NO;
				CLANG_CXX_LANGUAGE_STANDARD = "gnu++0x";
				CLANG_CXX_LIBRARY = "libc++";
				CLANG_ENABLE_MODULES = YES;
				CLANG_ENABLE_OBJC_ARC = YES;
				CLANG_WARN_BOOL_CONVERSION = YES;
				CLANG_WARN_CONSTANT_CONVERSION = YES;
				CLANG_WARN_DIRECT_OBJC_ISA_USAGE = YES_ERROR;
				CLANG_WARN_EMPTY_BODY = YES;
				CLANG_WARN_ENUM_CONVERSION = YES;
				CLANG_WARN_INT_CONVERSION = YES;
				CLANG_WARN_OBJC_ROOT_CLASS = YES_ERROR;
				CLANG_WARN_UNREACHABLE_CODE = YES;
				CLANG_WARN__DUPLICATE_METHOD_MATCH = YES;
				"CODE_SIGN_IDENTITY[sdk=iphoneos*]" = "iPhone Developer";
				COPY_PHASE_STRIP = NO;
				ENABLE_STRICT_OBJC_MSGSEND = YES;
				GCC_C_LANGUAGE_STANDARD = gnu99;
				GCC_DYNAMIC_NO_PIC = NO;
				GCC_OPTIMIZATION_LEVEL = 0;
				GCC_PREPROCESSOR_DEFINITIONS = (
					"DEBUG=1",
					"$(inherited)",
				);
				GCC_SYMBOLS_PRIVATE_EXTERN = NO;
				GCC_WARN_64_TO_32_BIT_CONVERSION = YES;
				GCC_WARN_ABOUT_RETURN_TYPE = YES_ERROR;
				GCC_WARN_UNDECLARED_SELECTOR = YES;
				GCC_WARN_UNINITIALIZED_AUTOS = YES_AGGRESSIVE;
				GCC_WARN_UNUSED_FUNCTION = YES;
				GCC_WARN_UNUSED_VARIABLE = YES;
				IPHONEOS_DEPLOYMENT_TARGET = 8.0;
				MTL_ENABLE_DEBUG_INFO = YES;
				ONLY_ACTIVE_ARCH = YES;
				SDKROOT = iphoneos;
				SWIFT_OPTIMIZATION_LEVEL = "-Onone";
				TARGETED_DEVICE_FAMILY = "1,2";
			};
			name = Debug;
		};
		7E914B6919D39A6C001B011B /* Release */ = {
			isa = XCBuildConfiguration;
			buildSettings = {
				ALWAYS_SEARCH_USER_PATHS = NO;
				CLANG_CXX_LANGUAGE_STANDARD = "gnu++0x";
				CLANG_CXX_LIBRARY = "libc++";
				CLANG_ENABLE_MODULES = YES;
				CLANG_ENABLE_OBJC_ARC = YES;
				CLANG_WARN_BOOL_CONVERSION = YES;
				CLANG_WARN_CONSTANT_CONVERSION = YES;
				CLANG_WARN_DIRECT_OBJC_ISA_USAGE = YES_ERROR;
				CLANG_WARN_EMPTY_BODY = YES;
				CLANG_WARN_ENUM_CONVERSION = YES;
				CLANG_WARN_INT_CONVERSION = YES;
				CLANG_WARN_OBJC_ROOT_CLASS = YES_ERROR;
				CLANG_WARN_UNREACHABLE_CODE = YES;
				CLANG_WARN__DUPLICATE_METHOD_MATCH = YES;
				"CODE_SIGN_IDENTITY[sdk=iphoneos*]" = "iPhone Developer";
				COPY_PHASE_STRIP = YES;
				ENABLE_NS_ASSERTIONS = NO;
				ENABLE_STRICT_OBJC_MSGSEND = YES;
				GCC_C_LANGUAGE_STANDARD = gnu99;
				GCC_WARN_64_TO_32_BIT_CONVERSION = YES;
				GCC_WARN_ABOUT_RETURN_TYPE = YES_ERROR;
				GCC_WARN_UNDECLARED_SELECTOR = YES;
				GCC_WARN_UNINITIALIZED_AUTOS = YES_AGGRESSIVE;
				GCC_WARN_UNUSED_FUNCTION = YES;
				GCC_WARN_UNUSED_VARIABLE = YES;
				IPHONEOS_DEPLOYMENT_TARGET = 8.0;
				MTL_ENABLE_DEBUG_INFO = NO;
				SDKROOT = iphoneos;
				TARGETED_DEVICE_FAMILY = "1,2";
				VALIDATE_PRODUCT = YES;
			};
			name = Release;
		};
		7E914B6B19D39A6C001B011B /* Debug */ = {
			isa = XCBuildConfiguration;
			buildSettings = {
				ASSETCATALOG_COMPILER_APPICON_NAME = AppIcon;
				INFOPLIST_FILE = SlotMachine/Info.plist;
				LD_RUNPATH_SEARCH_PATHS = "$(inherited) @executable_path/Frameworks";
				PRODUCT_NAME = "$(TARGET_NAME)";
			};
			name = Debug;
		};
		7E914B6C19D39A6C001B011B /* Release */ = {
			isa = XCBuildConfiguration;
			buildSettings = {
				ASSETCATALOG_COMPILER_APPICON_NAME = AppIcon;
				INFOPLIST_FILE = SlotMachine/Info.plist;
				LD_RUNPATH_SEARCH_PATHS = "$(inherited) @executable_path/Frameworks";
				PRODUCT_NAME = "$(TARGET_NAME)";
			};
			name = Release;
		};
		7E914B6E19D39A6C001B011B /* Debug */ = {
			isa = XCBuildConfiguration;
			buildSettings = {
				BUNDLE_LOADER = "$(TEST_HOST)";
				FRAMEWORK_SEARCH_PATHS = (
					"$(SDKROOT)/Developer/Library/Frameworks",
					"$(inherited)",
				);
				GCC_PREPROCESSOR_DEFINITIONS = (
					"DEBUG=1",
					"$(inherited)",
				);
				INFOPLIST_FILE = SlotMachineTests/Info.plist;
				LD_RUNPATH_SEARCH_PATHS = "$(inherited) @executable_path/Frameworks @loader_path/Frameworks";
				PRODUCT_NAME = "$(TARGET_NAME)";
				TEST_HOST = "$(BUILT_PRODUCTS_DIR)/SlotMachine.app/SlotMachine";
			};
			name = Debug;
		};
		7E914B6F19D39A6C001B011B /* Release */ = {
			isa = XCBuildConfiguration;
			buildSettings = {
				BUNDLE_LOADER = "$(TEST_HOST)";
				FRAMEWORK_SEARCH_PATHS = (
					"$(SDKROOT)/Developer/Library/Frameworks",
					"$(inherited)",
				);
				INFOPLIST_FILE = SlotMachineTests/Info.plist;
				LD_RUNPATH_SEARCH_PATHS = "$(inherited) @executable_path/Frameworks @loader_path/Frameworks";
				PRODUCT_NAME = "$(TARGET_NAME)";
				TEST_HOST = "$(BUILT_PRODUCTS_DIR)/SlotMachine.app/SlotMachine";
			};
			name = Release;
		};
/* End XCBuildConfiguration section */

/* Begin XCConfigurationList section */
		7E914B4619D39A6C001B011B /* Build configuration list for PBXProject "SlotMachine" */ = {
			isa = XCConfigurationList;
			buildConfigurations = (
				7E914B6819D39A6C001B011B /* Debug */,
				7E914B6919D39A6C001B011B /* Release */,
			);
			defaultConfigurationIsVisible = 0;
			defaultConfigurationName = Release;
		};
		7E914B6A19D39A6C001B011B /* Build configuration list for PBXNativeTarget "SlotMachine" */ = {
			isa = XCConfigurationList;
			buildConfigurations = (
				7E914B6B19D39A6C001B011B /* Debug */,
				7E914B6C19D39A6C001B011B /* Release */,
			);
			defaultConfigurationIsVisible = 0;
		};
		7E914B6D19D39A6C001B011B /* Build configuration list for PBXNativeTarget "SlotMachineTests" */ = {
			isa = XCConfigurationList;
			buildConfigurations = (
				7E914B6E19D39A6C001B011B /* Debug */,
				7E914B6F19D39A6C001B011B /* Release */,
			);
			defaultConfigurationIsVisible = 0;
		};
/* End XCConfigurationList section */
	};
	rootObject = 7E914B4319D39A6C001B011B /* Project object */;
}
